// !$*UTF8*$!
{
	archiveVersion = 1;
	classes = {
	};
	objectVersion = 48;
	objects = {

/* Begin PBXBuildFile section */
		52F8BED4200AE6AB008D7713 /* AppDelegate.swift in Sources */ = {isa = PBXBuildFile; fileRef = 52F8BED3200AE6AB008D7713 /* AppDelegate.swift */; };
		52F8BED6200AE6AB008D7713 /* ViewController.swift in Sources */ = {isa = PBXBuildFile; fileRef = 52F8BED5200AE6AB008D7713 /* ViewController.swift */; };
		52F8BED9200AE6AB008D7713 /* Main.storyboard in Resources */ = {isa = PBXBuildFile; fileRef = 52F8BED7200AE6AB008D7713 /* Main.storyboard */; };
		52F8BEDC200AE6AB008D7713 /* nwHacks_01.xcdatamodeld in Sources */ = {isa = PBXBuildFile; fileRef = 52F8BEDA200AE6AB008D7713 /* nwHacks_01.xcdatamodeld */; };
		52F8BEDE200AE6AB008D7713 /* Assets.xcassets in Resources */ = {isa = PBXBuildFile; fileRef = 52F8BEDD200AE6AB008D7713 /* Assets.xcassets */; };
		52F8BEE1200AE6AB008D7713 /* LaunchScreen.storyboard in Resources */ = {isa = PBXBuildFile; fileRef = 52F8BEDF200AE6AB008D7713 /* LaunchScreen.storyboard */; };
/* End PBXBuildFile section */

/* Begin PBXFileReference section */
		52F8BED0200AE6AB008D7713 /* nwHacks_01.app */ = {isa = PBXFileReference; explicitFileType = wrapper.application; includeInIndex = 0; path = nwHacks_01.app; sourceTree = BUILT_PRODUCTS_DIR; };
		52F8BED3200AE6AB008D7713 /* AppDelegate.swift */ = {isa = PBXFileReference; lastKnownFileType = sourcecode.swift; path = AppDelegate.swift; sourceTree = "<group>"; };
		52F8BED5200AE6AB008D7713 /* ViewController.swift */ = {isa = PBXFileReference; lastKnownFileType = sourcecode.swift; path = ViewController.swift; sourceTree = "<group>"; };
		52F8BED8200AE6AB008D7713 /* Base */ = {isa = PBXFileReference; lastKnownFileType = file.storyboard; name = Base; path = Base.lproj/Main.storyboard; sourceTree = "<group>"; };
		52F8BEDB200AE6AB008D7713 /* nwHacks_01.xcdatamodel */ = {isa = PBXFileReference; lastKnownFileType = wrapper.xcdatamodel; path = nwHacks_01.xcdatamodel; sourceTree = "<group>"; };
		52F8BEDD200AE6AB008D7713 /* Assets.xcassets */ = {isa = PBXFileReference; lastKnownFileType = folder.assetcatalog; path = Assets.xcassets; sourceTree = "<group>"; };
		52F8BEE0200AE6AB008D7713 /* Base */ = {isa = PBXFileReference; lastKnownFileType = file.storyboard; name = Base; path = Base.lproj/LaunchScreen.storyboard; sourceTree = "<group>"; };
		52F8BEE2200AE6AB008D7713 /* Info.plist */ = {isa = PBXFileReference; lastKnownFileType = text.plist.xml; path = Info.plist; sourceTree = "<group>"; };
/* End PBXFileReference section */

/* Begin PBXFrameworksBuildPhase section */
		52F8BECD200AE6AB008D7713 /* Frameworks */ = {
			isa = PBXFrameworksBuildPhase;
			buildActionMask = 2147483647;
			files = (
			);
			runOnlyForDeploymentPostprocessing = 0;
		};
/* End PBXFrameworksBuildPhase section */

/* Begin PBXGroup section */
		52F8BEC7200AE6AB008D7713 = {
			isa = PBXGroup;
			children = (
				52F8BED2200AE6AB008D7713 /* nwHacks_01 */,
				52F8BED1200AE6AB008D7713 /* Products */,
			);
			sourceTree = "<group>";
		};
		52F8BED1200AE6AB008D7713 /* Products */ = {
			isa = PBXGroup;
			children = (
				52F8BED0200AE6AB008D7713 /* nwHacks_01.app */,
			);
			name = Products;
			sourceTree = "<group>";
		};
		52F8BED2200AE6AB008D7713 /* nwHacks_01 */ = {
			isa = PBXGroup;
			children = (
				52F8BED3200AE6AB008D7713 /* AppDelegate.swift */,
				52F8BED5200AE6AB008D7713 /* ViewController.swift */,
				52F8BED7200AE6AB008D7713 /* Main.storyboard */,
				52F8BEDD200AE6AB008D7713 /* Assets.xcassets */,
				52F8BEDF200AE6AB008D7713 /* LaunchScreen.storyboard */,
				52F8BEE2200AE6AB008D7713 /* Info.plist */,
				52F8BEDA200AE6AB008D7713 /* nwHacks_01.xcdatamodeld */,
			);
			path = nwHacks_01;
			sourceTree = "<group>";
		};
/* End PBXGroup section */

/* Begin PBXNativeTarget section */
		52F8BECF200AE6AB008D7713 /* nwHacks_01 */ = {
			isa = PBXNativeTarget;
			buildConfigurationList = 52F8BEE5200AE6AB008D7713 /* Build configuration list for PBXNativeTarget "nwHacks_01" */;
			buildPhases = (
				52F8BECC200AE6AB008D7713 /* Sources */,
				52F8BECD200AE6AB008D7713 /* Frameworks */,
				52F8BECE200AE6AB008D7713 /* Resources */,
			);
			buildRules = (
			);
			dependencies = (
			);
			name = nwHacks_01;
			productName = nwHacks_01;
			productReference = 52F8BED0200AE6AB008D7713 /* nwHacks_01.app */;
			productType = "com.apple.product-type.application";
		};
/* End PBXNativeTarget section */

/* Begin PBXProject section */
		52F8BEC8200AE6AB008D7713 /* Project object */ = {
			isa = PBXProject;
			attributes = {
				LastSwiftUpdateCheck = 0920;
				LastUpgradeCheck = 0920;
				ORGANIZATIONNAME = "Lyle Waranch";
				TargetAttributes = {
					52F8BECF200AE6AB008D7713 = {
						CreatedOnToolsVersion = 9.2;
						ProvisioningStyle = Automatic;
					};
				};
			};
			buildConfigurationList = 52F8BECB200AE6AB008D7713 /* Build configuration list for PBXProject "nwHacks_01" */;
			compatibilityVersion = "Xcode 8.0";
			developmentRegion = en;
			hasScannedForEncodings = 0;
			knownRegions = (
				en,
				Base,
			);
			mainGroup = 52F8BEC7200AE6AB008D7713;
			productRefGroup = 52F8BED1200AE6AB008D7713 /* Products */;
			projectDirPath = "";
			projectRoot = "";
			targets = (
				52F8BECF200AE6AB008D7713 /* nwHacks_01 */,
			);
		};
/* End PBXProject section */

/* Begin PBXResourcesBuildPhase section */
		52F8BECE200AE6AB008D7713 /* Resources */ = {
			isa = PBXResourcesBuildPhase;
			buildActionMask = 2147483647;
			files = (
				52F8BEE1200AE6AB008D7713 /* LaunchScreen.storyboard in Resources */,
				52F8BEDE200AE6AB008D7713 /* Assets.xcassets in Resources */,
				52F8BED9200AE6AB008D7713 /* Main.storyboard in Resources */,
			);
			runOnlyForDeploymentPostprocessing = 0;
		};
/* End PBXResourcesBuildPhase section */

/* Begin PBXSourcesBuildPhase section */
		52F8BECC200AE6AB008D7713 /* Sources */ = {
			isa = PBXSourcesBuildPhase;
			buildActionMask = 2147483647;
			files = (
				52F8BED6200AE6AB008D7713 /* ViewController.swift in Sources */,
				52F8BEDC200AE6AB008D7713 /* nwHacks_01.xcdatamodeld in Sources */,
				52F8BED4200AE6AB008D7713 /* AppDelegate.swift in Sources */,
			);
			runOnlyForDeploymentPostprocessing = 0;
		};
/* End PBXSourcesBuildPhase section */

/* Begin PBXVariantGroup section */
		52F8BED7200AE6AB008D7713 /* Main.storyboard */ = {
			isa = PBXVariantGroup;
			children = (
				52F8BED8200AE6AB008D7713 /* Base */,
			);
			name = Main.storyboard;
			sourceTree = "<group>";
		};
		52F8BEDF200AE6AB008D7713 /* LaunchScreen.storyboard */ = {
			isa = PBXVariantGroup;
			children = (
				52F8BEE0200AE6AB008D7713 /* Base */,
			);
			name = LaunchScreen.storyboard;
			sourceTree = "<group>";
		};
/* End PBXVariantGroup section */

/* Begin XCBuildConfiguration section */
		52F8BEE3200AE6AB008D7713 /* Debug */ = {
			isa = XCBuildConfiguration;
			buildSettings = {
				ALWAYS_SEARCH_USER_PATHS = NO;
				CLANG_ANALYZER_NONNULL = YES;
				CLANG_ANALYZER_NUMBER_OBJECT_CONVERSION = YES_AGGRESSIVE;
				CLANG_CXX_LANGUAGE_STANDARD = "gnu++14";
				CLANG_CXX_LIBRARY = "libc++";
				CLANG_ENABLE_MODULES = YES;
				CLANG_ENABLE_OBJC_ARC = YES;
				CLANG_WARN_BLOCK_CAPTURE_AUTORELEASING = YES;
				CLANG_WARN_BOOL_CONVERSION = YES;
				CLANG_WARN_COMMA = YES;
				CLANG_WARN_CONSTANT_CONVERSION = YES;
				CLANG_WARN_DIRECT_OBJC_ISA_USAGE = YES_ERROR;
				CLANG_WARN_DOCUMENTATION_COMMENTS = YES;
				CLANG_WARN_EMPTY_BODY = YES;
				CLANG_WARN_ENUM_CONVERSION = YES;
				CLANG_WARN_INFINITE_RECURSION = YES;
				CLANG_WARN_INT_CONVERSION = YES;
				CLANG_WARN_NON_LITERAL_NULL_CONVERSION = YES;
				CLANG_WARN_OBJC_LITERAL_CONVERSION = YES;
				CLANG_WARN_OBJC_ROOT_CLASS = YES_ERROR;
				CLANG_WARN_RANGE_LOOP_ANALYSIS = YES;
				CLANG_WARN_STRICT_PROTOTYPES = YES;
				CLANG_WARN_SUSPICIOUS_MOVE = YES;
				CLANG_WARN_UNGUARDED_AVAILABILITY = YES_AGGRESSIVE;
				CLANG_WARN_UNREACHABLE_CODE = YES;
				CLANG_WARN__DUPLICATE_METHOD_MATCH = YES;
				CODE_SIGN_IDENTITY = "iPhone Developer";
				COPY_PHASE_STRIP = NO;
				DEBUG_INFORMATION_FORMAT = dwarf;
				ENABLE_STRICT_OBJC_MSGSEND = YES;
				ENABLE_TESTABILITY = YES;
				GCC_C_LANGUAGE_STANDARD = gnu11;
				GCC_DYNAMIC_NO_PIC = NO;
				GCC_NO_COMMON_BLOCKS = YES;
				GCC_OPTIMIZATION_LEVEL = 0;
				GCC_PREPROCESSOR_DEFINITIONS = (
					"DEBUG=1",
					"$(inherited)",
				);
				GCC_WARN_64_TO_32_BIT_CONVERSION = YES;
				GCC_WARN_ABOUT_RETURN_TYPE = YES_ERROR;
				GCC_WARN_UNDECLARED_SELECTOR = YES;
				GCC_WARN_UNINITIALIZED_AUTOS = YES_AGGRESSIVE;
				GCC_WARN_UNUSED_FUNCTION = YES;
				GCC_WARN_UNUSED_VARIABLE = YES;
				IPHONEOS_DEPLOYMENT_TARGET = 11.2;
				MTL_ENABLE_DEBUG_INFO = YES;
				ONLY_ACTIVE_ARCH = YES;
				SDKROOT = iphoneos;
				SWIFT_ACTIVE_COMPILATION_CONDITIONS = DEBUG;
				SWIFT_OPTIMIZATION_LEVEL = "-Onone";
			};
			name = Debug;
		};
		52F8BEE4200AE6AB008D7713 /* Release */ = {
			isa = XCBuildConfiguration;
			buildSettings = {
				ALWAYS_SEARCH_USER_PATHS = NO;
				CLANG_ANALYZER_NONNULL = YES;
				CLANG_ANALYZER_NUMBER_OBJECT_CONVERSION = YES_AGGRESSIVE;
				CLANG_CXX_LANGUAGE_STANDARD = "gnu++14";
				CLANG_CXX_LIBRARY = "libc++";
				CLANG_ENABLE_MODULES = YES;
				CLANG_ENABLE_OBJC_ARC = YES;
				CLANG_WARN_BLOCK_CAPTURE_AUTORELEASING = YES;
				CLANG_WARN_BOOL_CONVERSION = YES;
				CLANG_WARN_COMMA = YES;
				CLANG_WARN_CONSTANT_CONVERSION = YES;
				CLANG_WARN_DIRECT_OBJC_ISA_USAGE = YES_ERROR;
				CLANG_WARN_DOCUMENTATION_COMMENTS = YES;
				CLANG_WARN_EMPTY_BODY = YES;
				CLANG_WARN_ENUM_CONVERSION = YES;
				CLANG_WARN_INFINITE_RECURSION = YES;
				CLANG_WARN_INT_CONVERSION = YES;
				CLANG_WARN_NON_LITERAL_NULL_CONVERSION = YES;
				CLANG_WARN_OBJC_LITERAL_CONVERSION = YES;
				CLANG_WARN_OBJC_ROOT_CLASS = YES_ERROR;
				CLANG_WARN_RANGE_LOOP_ANALYSIS = YES;
				CLANG_WARN_STRICT_PROTOTYPES = YES;
				CLANG_WARN_SUSPICIOUS_MOVE = YES;
				CLANG_WARN_UNGUARDED_AVAILABILITY = YES_AGGRESSIVE;
				CLANG_WARN_UNREACHABLE_CODE = YES;
				CLANG_WARN__DUPLICATE_METHOD_MATCH = YES;
				CODE_SIGN_IDENTITY = "iPhone Developer";
				COPY_PHASE_STRIP = NO;
				DEBUG_INFORMATION_FORMAT = "dwarf-with-dsym";
				ENABLE_NS_ASSERTIONS = NO;
				ENABLE_STRICT_OBJC_MSGSEND = YES;
				GCC_C_LANGUAGE_STANDARD = gnu11;
				GCC_NO_COMMON_BLOCKS = YES;
				GCC_WARN_64_TO_32_BIT_CONVERSION = YES;
				GCC_WARN_ABOUT_RETURN_TYPE = YES_ERROR;
				GCC_WARN_UNDECLARED_SELECTOR = YES;
				GCC_WARN_UNINITIALIZED_AUTOS = YES_AGGRESSIVE;
				GCC_WARN_UNUSED_FUNCTION = YES;
				GCC_WARN_UNUSED_VARIABLE = YES;
				IPHONEOS_DEPLOYMENT_TARGET = 11.2;
				MTL_ENABLE_DEBUG_INFO = NO;
				SDKROOT = iphoneos;
				SWIFT_OPTIMIZATION_LEVEL = "-Owholemodule";
				VALIDATE_PRODUCT = YES;
			};
			name = Release;
		};
		52F8BEE6200AE6AB008D7713 /* Debug */ = {
			isa = XCBuildConfiguration;
			buildSettings = {
				ASSETCATALOG_COMPILER_APPICON_NAME = AppIcon;
				CODE_SIGN_STYLE = Automatic;
				DEVELOPMENT_TEAM = GFUT9K8JBC;
				INFOPLIST_FILE = nwHacks_01/Info.plist;
				LD_RUNPATH_SEARCH_PATHS = "$(inherited) @executable_path/Frameworks";
				PRODUCT_BUNDLE_IDENTIFIER = "LyleWaranch.nwHacks-01";
				PRODUCT_NAME = "$(TARGET_NAME)";
				SWIFT_VERSION = 4.0;
				TARGETED_DEVICE_FAMILY = "1,2";
			};
			name = Debug;
		};
		52F8BEE7200AE6AB008D7713 /* Release */ = {
			isa = XCBuildConfiguration;
			buildSettings = {
				ASSETCATALOG_COMPILER_APPICON_NAME = AppIcon;
				CODE_SIGN_STYLE = Automatic;
				DEVELOPMENT_TEAM = GFUT9K8JBC;
				INFOPLIST_FILE = nwHacks_01/Info.plist;
				LD_RUNPATH_SEARCH_PATHS = "$(inherited) @executable_path/Frameworks";
				PRODUCT_BUNDLE_IDENTIFIER = "LyleWaranch.nwHacks-01";
				PRODUCT_NAME = "$(TARGET_NAME)";
				SWIFT_VERSION = 4.0;
				TARGETED_DEVICE_FAMILY = "1,2";
			};
			name = Release;
		};
/* End XCBuildConfiguration section */

/* Begin XCConfigurationList section */
		52F8BECB200AE6AB008D7713 /* Build configuration list for PBXProject "nwHacks_01" */ = {
			isa = XCConfigurationList;
			buildConfigurations = (
				52F8BEE3200AE6AB008D7713 /* Debug */,
				52F8BEE4200AE6AB008D7713 /* Release */,
			);
			defaultConfigurationIsVisible = 0;
			defaultConfigurationName = Release;
		};
		52F8BEE5200AE6AB008D7713 /* Build configuration list for PBXNativeTarget "nwHacks_01" */ = {
			isa = XCConfigurationList;
			buildConfigurations = (
				52F8BEE6200AE6AB008D7713 /* Debug */,
				52F8BEE7200AE6AB008D7713 /* Release */,
			);
			defaultConfigurationIsVisible = 0;
			defaultConfigurationName = Release;
		};
/* End XCConfigurationList section */

/* Begin XCVersionGroup section */
		52F8BEDA200AE6AB008D7713 /* nwHacks_01.xcdatamodeld */ = {
			isa = XCVersionGroup;
			children = (
				52F8BEDB200AE6AB008D7713 /* nwHacks_01.xcdatamodel */,
			);
			currentVersion = 52F8BEDB200AE6AB008D7713 /* nwHacks_01.xcdatamodel */;
			path = nwHacks_01.xcdatamodeld;
			sourceTree = "<group>";
			versionGroupType = wrapper.xcdatamodel;
		};
/* End XCVersionGroup section */
	};
	rootObject = 52F8BEC8200AE6AB008D7713 /* Project object */;
}
