// !$*UTF8*$!
{
	archiveVersion = 1;
	classes = {
	};
	objectVersion = 48;
	objects = {

/* Begin PBXBuildFile section */
		486C01313D9050091D0616EA /* Pods_nwHacks_01.framework in Frameworks */ = {isa = PBXBuildFile; fileRef = 1DE48951FCABCA7D82B02F49 /* Pods_nwHacks_01.framework */; };
		52F8BED4200AE6AB008D7713 /* AppDelegate.swift in Sources */ = {isa = PBXBuildFile; fileRef = 52F8BED3200AE6AB008D7713 /* AppDelegate.swift */; };
		52F8BED6200AE6AB008D7713 /* ViewController.swift in Sources */ = {isa = PBXBuildFile; fileRef = 52F8BED5200AE6AB008D7713 /* ViewController.swift */; };
		52F8BED9200AE6AB008D7713 /* Main.storyboard in Resources */ = {isa = PBXBuildFile; fileRef = 52F8BED7200AE6AB008D7713 /* Main.storyboard */; };
		52F8BEDC200AE6AB008D7713 /* nwHacks_01.xcdatamodeld in Sources */ = {isa = PBXBuildFile; fileRef = 52F8BEDA200AE6AB008D7713 /* nwHacks_01.xcdatamodeld */; };
		52F8BEDE200AE6AB008D7713 /* Assets.xcassets in Resources */ = {isa = PBXBuildFile; fileRef = 52F8BEDD200AE6AB008D7713 /* Assets.xcassets */; };
		52F8BEE1200AE6AB008D7713 /* LaunchScreen.storyboard in Resources */ = {isa = PBXBuildFile; fileRef = 52F8BEDF200AE6AB008D7713 /* LaunchScreen.storyboard */; };
		52F8BEF1200B2D2E008D7713 /* IntroViewController.swift in Sources */ = {isa = PBXBuildFile; fileRef = 52F8BEF0200B2D2E008D7713 /* IntroViewController.swift */; };
		52F8BEF3200B357C008D7713 /* Resnet50.mlmodel in Sources */ = {isa = PBXBuildFile; fileRef = 52F8BEF2200B357C008D7713 /* Resnet50.mlmodel */; };
		52F8BEF5200B410E008D7713 /* CARETT.png in Resources */ = {isa = PBXBuildFile; fileRef = 52F8BEF4200B410E008D7713 /* CARETT.png */; };
		52F8BEF9200B47EE008D7713 /* carett_2.png in Resources */ = {isa = PBXBuildFile; fileRef = 52F8BEF8200B47EE008D7713 /* carett_2.png */; };
		52F8BEFD200BD0D7008D7713 /* diamond.png in Resources */ = {isa = PBXBuildFile; fileRef = 52F8BEFC200BD0D7008D7713 /* diamond.png */; };
		52F8BEFF200BDC28008D7713 /* checkmark.png in Resources */ = {isa = PBXBuildFile; fileRef = 52F8BEFE200BDC28008D7713 /* checkmark.png */; };
		52F8BF01200BE259008D7713 /* x.png in Resources */ = {isa = PBXBuildFile; fileRef = 52F8BF00200BE259008D7713 /* x.png */; };
/* End PBXBuildFile section */

/* Begin PBXFileReference section */
		1DE48951FCABCA7D82B02F49 /* Pods_nwHacks_01.framework */ = {isa = PBXFileReference; explicitFileType = wrapper.framework; includeInIndex = 0; path = Pods_nwHacks_01.framework; sourceTree = BUILT_PRODUCTS_DIR; };
		52F8BED0200AE6AB008D7713 /* nwHacks_01.app */ = {isa = PBXFileReference; explicitFileType = wrapper.application; includeInIndex = 0; path = nwHacks_01.app; sourceTree = BUILT_PRODUCTS_DIR; };
		52F8BED3200AE6AB008D7713 /* AppDelegate.swift */ = {isa = PBXFileReference; lastKnownFileType = sourcecode.swift; path = AppDelegate.swift; sourceTree = "<group>"; };
		52F8BED5200AE6AB008D7713 /* ViewController.swift */ = {isa = PBXFileReference; lastKnownFileType = sourcecode.swift; path = ViewController.swift; sourceTree = "<group>"; };
		52F8BED8200AE6AB008D7713 /* Base */ = {isa = PBXFileReference; lastKnownFileType = file.storyboard; name = Base; path = Base.lproj/Main.storyboard; sourceTree = "<group>"; };
		52F8BEDB200AE6AB008D7713 /* nwHacks_01.xcdatamodel */ = {isa = PBXFileReference; lastKnownFileType = wrapper.xcdatamodel; path = nwHacks_01.xcdatamodel; sourceTree = "<group>"; };
		52F8BEDD200AE6AB008D7713 /* Assets.xcassets */ = {isa = PBXFileReference; lastKnownFileType = folder.assetcatalog; path = Assets.xcassets; sourceTree = "<group>"; };
		52F8BEE0200AE6AB008D7713 /* Base */ = {isa = PBXFileReference; lastKnownFileType = file.storyboard; name = Base; path = Base.lproj/LaunchScreen.storyboard; sourceTree = "<group>"; };
		52F8BEE2200AE6AB008D7713 /* Info.plist */ = {isa = PBXFileReference; lastKnownFileType = text.plist.xml; path = Info.plist; sourceTree = "<group>"; };
		52F8BEF0200B2D2E008D7713 /* IntroViewController.swift */ = {isa = PBXFileReference; fileEncoding = 4; lastKnownFileType = sourcecode.swift; path = IntroViewController.swift; sourceTree = "<group>"; };
		52F8BEF2200B357C008D7713 /* Resnet50.mlmodel */ = {isa = PBXFileReference; lastKnownFileType = file.mlmodel; name = Resnet50.mlmodel; path = ../../../../../../Downloads/Resnet50.mlmodel; sourceTree = "<group>"; };
		52F8BEF4200B410E008D7713 /* CARETT.png */ = {isa = PBXFileReference; lastKnownFileType = image.png; name = CARETT.png; path = ../../CARETT.png; sourceTree = "<group>"; };
		52F8BEF8200B47EE008D7713 /* carett_2.png */ = {isa = PBXFileReference; lastKnownFileType = image.png; name = carett_2.png; path = ../../carett_2.png; sourceTree = "<group>"; };
		52F8BEFC200BD0D7008D7713 /* diamond.png */ = {isa = PBXFileReference; lastKnownFileType = image.png; name = diamond.png; path = ../../diamond.png; sourceTree = "<group>"; };
		52F8BEFE200BDC28008D7713 /* checkmark.png */ = {isa = PBXFileReference; lastKnownFileType = image.png; name = checkmark.png; path = ../../checkmark.png; sourceTree = "<group>"; };
		52F8BF00200BE259008D7713 /* x.png */ = {isa = PBXFileReference; lastKnownFileType = image.png; name = x.png; path = ../../x.png; sourceTree = "<group>"; };
		65339E38227594E6E47688E2 /* Pods-nwHacks_01.release.xcconfig */ = {isa = PBXFileReference; includeInIndex = 1; lastKnownFileType = text.xcconfig; name = "Pods-nwHacks_01.release.xcconfig"; path = "Pods/Target Support Files/Pods-nwHacks_01/Pods-nwHacks_01.release.xcconfig"; sourceTree = "<group>"; };
		D77E1BA541130B3DB06579CE /* Pods-nwHacks_01.debug.xcconfig */ = {isa = PBXFileReference; includeInIndex = 1; lastKnownFileType = text.xcconfig; name = "Pods-nwHacks_01.debug.xcconfig"; path = "Pods/Target Support Files/Pods-nwHacks_01/Pods-nwHacks_01.debug.xcconfig"; sourceTree = "<group>"; };
/* End PBXFileReference section */

/* Begin PBXFrameworksBuildPhase section */
		52F8BECD200AE6AB008D7713 /* Frameworks */ = {
			isa = PBXFrameworksBuildPhase;
			buildActionMask = 2147483647;
			files = (
				486C01313D9050091D0616EA /* Pods_nwHacks_01.framework in Frameworks */,
			);
			runOnlyForDeploymentPostprocessing = 0;
		};
/* End PBXFrameworksBuildPhase section */

/* Begin PBXGroup section */
		52F8BEC7200AE6AB008D7713 = {
			isa = PBXGroup;
			children = (
				52F8BED2200AE6AB008D7713 /* nwHacks_01 */,
				52F8BED1200AE6AB008D7713 /* Products */,
				5A3C50EFF2E56FE1411FB971 /* Pods */,
				B3E8BD688E8FC4E7F4B11910 /* Frameworks */,
			);
			sourceTree = "<group>";
		};
		52F8BED1200AE6AB008D7713 /* Products */ = {
			isa = PBXGroup;
			children = (
				52F8BED0200AE6AB008D7713 /* nwHacks_01.app */,
			);
			name = Products;
			sourceTree = "<group>";
		};
		52F8BED2200AE6AB008D7713 /* nwHacks_01 */ = {
			isa = PBXGroup;
			children = (
				52F8BEF0200B2D2E008D7713 /* IntroViewController.swift */,
				52F8BED3200AE6AB008D7713 /* AppDelegate.swift */,
				52F8BED5200AE6AB008D7713 /* ViewController.swift */,
				52F8BED7200AE6AB008D7713 /* Main.storyboard */,
				52F8BEF4200B410E008D7713 /* CARETT.png */,
				52F8BEF8200B47EE008D7713 /* carett_2.png */,
				52F8BEFC200BD0D7008D7713 /* diamond.png */,
				52F8BEFE200BDC28008D7713 /* checkmark.png */,
				52F8BF00200BE259008D7713 /* x.png */,
				52F8BEDD200AE6AB008D7713 /* Assets.xcassets */,
				52F8BEDF200AE6AB008D7713 /* LaunchScreen.storyboard */,
				52F8BEE2200AE6AB008D7713 /* Info.plist */,
				52F8BEDA200AE6AB008D7713 /* nwHacks_01.xcdatamodeld */,
				52F8BEF2200B357C008D7713 /* Resnet50.mlmodel */,
			);
			path = nwHacks_01;
			sourceTree = "<group>";
		};
		5A3C50EFF2E56FE1411FB971 /* Pods */ = {
			isa = PBXGroup;
			children = (
				D77E1BA541130B3DB06579CE /* Pods-nwHacks_01.debug.xcconfig */,
				65339E38227594E6E47688E2 /* Pods-nwHacks_01.release.xcconfig */,
			);
			name = Pods;
			sourceTree = "<group>";
		};
		B3E8BD688E8FC4E7F4B11910 /* Frameworks */ = {
			isa = PBXGroup;
			children = (
				1DE48951FCABCA7D82B02F49 /* Pods_nwHacks_01.framework */,
			);
			name = Frameworks;
			sourceTree = "<group>";
		};
/* End PBXGroup section */

/* Begin PBXNativeTarget section */
		52F8BECF200AE6AB008D7713 /* nwHacks_01 */ = {
			isa = PBXNativeTarget;
			buildConfigurationList = 52F8BEE5200AE6AB008D7713 /* Build configuration list for PBXNativeTarget "nwHacks_01" */;
			buildPhases = (
				4BC91CF715791320CB7297D1 /* [CP] Check Pods Manifest.lock */,
				52F8BECC200AE6AB008D7713 /* Sources */,
				52F8BECD200AE6AB008D7713 /* Frameworks */,
				52F8BECE200AE6AB008D7713 /* Resources */,
				A41EFC92F32FC52F140170FD /* [CP] Embed Pods Frameworks */,
				EEA02456FBE7EDEBF0842F09 /* [CP] Copy Pods Resources */,
			);
			buildRules = (
			);
			dependencies = (
			);
			name = nwHacks_01;
			productName = nwHacks_01;
			productReference = 52F8BED0200AE6AB008D7713 /* nwHacks_01.app */;
			productType = "com.apple.product-type.application";
		};
/* End PBXNativeTarget section */

/* Begin PBXProject section */
		52F8BEC8200AE6AB008D7713 /* Project object */ = {
			isa = PBXProject;
			attributes = {
				LastSwiftUpdateCheck = 0920;
				LastUpgradeCheck = 0920;
				ORGANIZATIONNAME = "Lyle Waranch";
				TargetAttributes = {
					52F8BECF200AE6AB008D7713 = {
						CreatedOnToolsVersion = 9.2;
						ProvisioningStyle = Automatic;
					};
				};
			};
			buildConfigurationList = 52F8BECB200AE6AB008D7713 /* Build configuration list for PBXProject "nwHacks_01" */;
			compatibilityVersion = "Xcode 8.0";
			developmentRegion = en;
			hasScannedForEncodings = 0;
			knownRegions = (
				en,
				Base,
			);
			mainGroup = 52F8BEC7200AE6AB008D7713;
			productRefGroup = 52F8BED1200AE6AB008D7713 /* Products */;
			projectDirPath = "";
			projectRoot = "";
			targets = (
				52F8BECF200AE6AB008D7713 /* nwHacks_01 */,
			);
		};
/* End PBXProject section */

/* Begin PBXResourcesBuildPhase section */
		52F8BECE200AE6AB008D7713 /* Resources */ = {
			isa = PBXResourcesBuildPhase;
			buildActionMask = 2147483647;
			files = (
				52F8BF01200BE259008D7713 /* x.png in Resources */,
				52F8BEFD200BD0D7008D7713 /* diamond.png in Resources */,
				52F8BEF9200B47EE008D7713 /* carett_2.png in Resources */,
				52F8BEF5200B410E008D7713 /* CARETT.png in Resources */,
				52F8BEFF200BDC28008D7713 /* checkmark.png in Resources */,
				52F8BEE1200AE6AB008D7713 /* LaunchScreen.storyboard in Resources */,
				52F8BEDE200AE6AB008D7713 /* Assets.xcassets in Resources */,
				52F8BED9200AE6AB008D7713 /* Main.storyboard in Resources */,
			);
			runOnlyForDeploymentPostprocessing = 0;
		};
/* End PBXResourcesBuildPhase section */

/* Begin PBXShellScriptBuildPhase section */
		4BC91CF715791320CB7297D1 /* [CP] Check Pods Manifest.lock */ = {
			isa = PBXShellScriptBuildPhase;
			buildActionMask = 2147483647;
			files = (
			);
			inputPaths = (
				"${PODS_PODFILE_DIR_PATH}/Podfile.lock",
				"${PODS_ROOT}/Manifest.lock",
			);
			name = "[CP] Check Pods Manifest.lock";
			outputPaths = (
				"$(DERIVED_FILE_DIR)/Pods-nwHacks_01-checkManifestLockResult.txt",
			);
			runOnlyForDeploymentPostprocessing = 0;
			shellPath = /bin/sh;
			shellScript = "diff \"${PODS_PODFILE_DIR_PATH}/Podfile.lock\" \"${PODS_ROOT}/Manifest.lock\" > /dev/null\nif [ $? != 0 ] ; then\n    # print error to STDERR\n    echo \"error: The sandbox is not in sync with the Podfile.lock. Run 'pod install' or update your CocoaPods installation.\" >&2\n    exit 1\nfi\n# This output is used by Xcode 'outputs' to avoid re-running this script phase.\necho \"SUCCESS\" > \"${SCRIPT_OUTPUT_FILE_0}\"\n";
			showEnvVarsInLog = 0;
		};
		A41EFC92F32FC52F140170FD /* [CP] Embed Pods Frameworks */ = {
			isa = PBXShellScriptBuildPhase;
			buildActionMask = 2147483647;
			files = (
			);
			inputPaths = (
				"${SRCROOT}/Pods/Target Support Files/Pods-nwHacks_01/Pods-nwHacks_01-frameworks.sh",
				"${BUILT_PRODUCTS_DIR}/ButtonProgressBar-iOS/ButtonProgressBar_iOS.framework",
				"${BUILT_PRODUCTS_DIR}/TransitionButton/TransitionButton.framework",
			);
			name = "[CP] Embed Pods Frameworks";
			outputPaths = (
				"${TARGET_BUILD_DIR}/${FRAMEWORKS_FOLDER_PATH}/ButtonProgressBar_iOS.framework",
				"${TARGET_BUILD_DIR}/${FRAMEWORKS_FOLDER_PATH}/TransitionButton.framework",
			);
			runOnlyForDeploymentPostprocessing = 0;
			shellPath = /bin/sh;
			shellScript = "\"${SRCROOT}/Pods/Target Support Files/Pods-nwHacks_01/Pods-nwHacks_01-frameworks.sh\"\n";
			showEnvVarsInLog = 0;
		};
		EEA02456FBE7EDEBF0842F09 /* [CP] Copy Pods Resources */ = {
			isa = PBXShellScriptBuildPhase;
			buildActionMask = 2147483647;
			files = (
			);
			inputPaths = (
			);
			name = "[CP] Copy Pods Resources";
			outputPaths = (
			);
			runOnlyForDeploymentPostprocessing = 0;
			shellPath = /bin/sh;
			shellScript = "\"${SRCROOT}/Pods/Target Support Files/Pods-nwHacks_01/Pods-nwHacks_01-resources.sh\"\n";
			showEnvVarsInLog = 0;
		};
/* End PBXShellScriptBuildPhase section */

/* Begin PBXSourcesBuildPhase section */
		52F8BECC200AE6AB008D7713 /* Sources */ = {
			isa = PBXSourcesBuildPhase;
			buildActionMask = 2147483647;
			files = (
				52F8BEF3200B357C008D7713 /* Resnet50.mlmodel in Sources */,
				52F8BEF1200B2D2E008D7713 /* IntroViewController.swift in Sources */,
				52F8BED6200AE6AB008D7713 /* ViewController.swift in Sources */,
				52F8BEDC200AE6AB008D7713 /* nwHacks_01.xcdatamodeld in Sources */,
				52F8BED4200AE6AB008D7713 /* AppDelegate.swift in Sources */,
			);
			runOnlyForDeploymentPostprocessing = 0;
		};
/* End PBXSourcesBuildPhase section */

/* Begin PBXVariantGroup section */
		52F8BED7200AE6AB008D7713 /* Main.storyboard */ = {
			isa = PBXVariantGroup;
			children = (
				52F8BED8200AE6AB008D7713 /* Base */,
			);
			name = Main.storyboard;
			sourceTree = "<group>";
		};
		52F8BEDF200AE6AB008D7713 /* LaunchScreen.storyboard */ = {
			isa = PBXVariantGroup;
			children = (
				52F8BEE0200AE6AB008D7713 /* Base */,
			);
			name = LaunchScreen.storyboard;
			sourceTree = "<group>";
		};
/* End PBXVariantGroup section */

/* Begin XCBuildConfiguration section */
		52F8BEE3200AE6AB008D7713 /* Debug */ = {
			isa = XCBuildConfiguration;
			buildSettings = {
				ALWAYS_SEARCH_USER_PATHS = NO;
				CLANG_ANALYZER_NONNULL = YES;
				CLANG_ANALYZER_NUMBER_OBJECT_CONVERSION = YES_AGGRESSIVE;
				CLANG_CXX_LANGUAGE_STANDARD = "gnu++14";
				CLANG_CXX_LIBRARY = "libc++";
				CLANG_ENABLE_MODULES = YES;
				CLANG_ENABLE_OBJC_ARC = YES;
				CLANG_WARN_BLOCK_CAPTURE_AUTORELEASING = YES;
				CLANG_WARN_BOOL_CONVERSION = YES;
				CLANG_WARN_COMMA = YES;
				CLANG_WARN_CONSTANT_CONVERSION = YES;
				CLANG_WARN_DIRECT_OBJC_ISA_USAGE = YES_ERROR;
				CLANG_WARN_DOCUMENTATION_COMMENTS = YES;
				CLANG_WARN_EMPTY_BODY = YES;
				CLANG_WARN_ENUM_CONVERSION = YES;
				CLANG_WARN_INFINITE_RECURSION = YES;
				CLANG_WARN_INT_CONVERSION = YES;
				CLANG_WARN_NON_LITERAL_NULL_CONVERSION = YES;
				CLANG_WARN_OBJC_LITERAL_CONVERSION = YES;
				CLANG_WARN_OBJC_ROOT_CLASS = YES_ERROR;
				CLANG_WARN_RANGE_LOOP_ANALYSIS = YES;
				CLANG_WARN_STRICT_PROTOTYPES = YES;
				CLANG_WARN_SUSPICIOUS_MOVE = YES;
				CLANG_WARN_UNGUARDED_AVAILABILITY = YES_AGGRESSIVE;
				CLANG_WARN_UNREACHABLE_CODE = YES;
				CLANG_WARN__DUPLICATE_METHOD_MATCH = YES;
				CODE_SIGN_IDENTITY = "iPhone Developer";
				COPY_PHASE_STRIP = NO;
				DEBUG_INFORMATION_FORMAT = dwarf;
				ENABLE_STRICT_OBJC_MSGSEND = YES;
				ENABLE_TESTABILITY = YES;
				GCC_C_LANGUAGE_STANDARD = gnu11;
				GCC_DYNAMIC_NO_PIC = NO;
				GCC_NO_COMMON_BLOCKS = YES;
				GCC_OPTIMIZATION_LEVEL = 0;
				GCC_PREPROCESSOR_DEFINITIONS = (
					"DEBUG=1",
					"$(inherited)",
				);
				GCC_WARN_64_TO_32_BIT_CONVERSION = YES;
				GCC_WARN_ABOUT_RETURN_TYPE = YES_ERROR;
				GCC_WARN_UNDECLARED_SELECTOR = YES;
				GCC_WARN_UNINITIALIZED_AUTOS = YES_AGGRESSIVE;
				GCC_WARN_UNUSED_FUNCTION = YES;
				GCC_WARN_UNUSED_VARIABLE = YES;
				IPHONEOS_DEPLOYMENT_TARGET = 11.2;
				MTL_ENABLE_DEBUG_INFO = YES;
				ONLY_ACTIVE_ARCH = YES;
				SDKROOT = iphoneos;
				SWIFT_ACTIVE_COMPILATION_CONDITIONS = DEBUG;
				SWIFT_OPTIMIZATION_LEVEL = "-Onone";
			};
			name = Debug;
		};
		52F8BEE4200AE6AB008D7713 /* Release */ = {
			isa = XCBuildConfiguration;
			buildSettings = {
				ALWAYS_SEARCH_USER_PATHS = NO;
				CLANG_ANALYZER_NONNULL = YES;
				CLANG_ANALYZER_NUMBER_OBJECT_CONVERSION = YES_AGGRESSIVE;
				CLANG_CXX_LANGUAGE_STANDARD = "gnu++14";
				CLANG_CXX_LIBRARY = "libc++";
				CLANG_ENABLE_MODULES = YES;
				CLANG_ENABLE_OBJC_ARC = YES;
				CLANG_WARN_BLOCK_CAPTURE_AUTORELEASING = YES;
				CLANG_WARN_BOOL_CONVERSION = YES;
				CLANG_WARN_COMMA = YES;
				CLANG_WARN_CONSTANT_CONVERSION = YES;
				CLANG_WARN_DIRECT_OBJC_ISA_USAGE = YES_ERROR;
				CLANG_WARN_DOCUMENTATION_COMMENTS = YES;
				CLANG_WARN_EMPTY_BODY = YES;
				CLANG_WARN_ENUM_CONVERSION = YES;
				CLANG_WARN_INFINITE_RECURSION = YES;
				CLANG_WARN_INT_CONVERSION = YES;
				CLANG_WARN_NON_LITERAL_NULL_CONVERSION = YES;
				CLANG_WARN_OBJC_LITERAL_CONVERSION = YES;
				CLANG_WARN_OBJC_ROOT_CLASS = YES_ERROR;
				CLANG_WARN_RANGE_LOOP_ANALYSIS = YES;
				CLANG_WARN_STRICT_PROTOTYPES = YES;
				CLANG_WARN_SUSPICIOUS_MOVE = YES;
				CLANG_WARN_UNGUARDED_AVAILABILITY = YES_AGGRESSIVE;
				CLANG_WARN_UNREACHABLE_CODE = YES;
				CLANG_WARN__DUPLICATE_METHOD_MATCH = YES;
				CODE_SIGN_IDENTITY = "iPhone Developer";
				COPY_PHASE_STRIP = NO;
				DEBUG_INFORMATION_FORMAT = "dwarf-with-dsym";
				ENABLE_NS_ASSERTIONS = NO;
				ENABLE_STRICT_OBJC_MSGSEND = YES;
				GCC_C_LANGUAGE_STANDARD = gnu11;
				GCC_NO_COMMON_BLOCKS = YES;
				GCC_WARN_64_TO_32_BIT_CONVERSION = YES;
				GCC_WARN_ABOUT_RETURN_TYPE = YES_ERROR;
				GCC_WARN_UNDECLARED_SELECTOR = YES;
				GCC_WARN_UNINITIALIZED_AUTOS = YES_AGGRESSIVE;
				GCC_WARN_UNUSED_FUNCTION = YES;
				GCC_WARN_UNUSED_VARIABLE = YES;
				IPHONEOS_DEPLOYMENT_TARGET = 11.2;
				MTL_ENABLE_DEBUG_INFO = NO;
				SDKROOT = iphoneos;
				SWIFT_OPTIMIZATION_LEVEL = "-Owholemodule";
				VALIDATE_PRODUCT = YES;
			};
			name = Release;
		};
		52F8BEE6200AE6AB008D7713 /* Debug */ = {
			isa = XCBuildConfiguration;
			baseConfigurationReference = D77E1BA541130B3DB06579CE /* Pods-nwHacks_01.debug.xcconfig */;
			buildSettings = {
				ASSETCATALOG_COMPILER_APPICON_NAME = AppIcon;
				CODE_SIGN_STYLE = Automatic;
				DEVELOPMENT_TEAM = GFUT9K8JBC;
				INFOPLIST_FILE = nwHacks_01/Info.plist;
				LD_RUNPATH_SEARCH_PATHS = "$(inherited) @executable_path/Frameworks";
				PRODUCT_BUNDLE_IDENTIFIER = "LyleWaranch.nwHacks-01";
				PRODUCT_NAME = "$(TARGET_NAME)";
				SWIFT_VERSION = 4.0;
				TARGETED_DEVICE_FAMILY = "1,2";
			};
			name = Debug;
		};
		52F8BEE7200AE6AB008D7713 /* Release */ = {
			isa = XCBuildConfiguration;
			baseConfigurationReference = 65339E38227594E6E47688E2 /* Pods-nwHacks_01.release.xcconfig */;
			buildSettings = {
				ASSETCATALOG_COMPILER_APPICON_NAME = AppIcon;
				CODE_SIGN_STYLE = Automatic;
				DEVELOPMENT_TEAM = GFUT9K8JBC;
				INFOPLIST_FILE = nwHacks_01/Info.plist;
				LD_RUNPATH_SEARCH_PATHS = "$(inherited) @executable_path/Frameworks";
				PRODUCT_BUNDLE_IDENTIFIER = "LyleWaranch.nwHacks-01";
				PRODUCT_NAME = "$(TARGET_NAME)";
				SWIFT_VERSION = 4.0;
				TARGETED_DEVICE_FAMILY = "1,2";
			};
			name = Release;
		};
/* End XCBuildConfiguration section */

/* Begin XCConfigurationList section */
		52F8BECB200AE6AB008D7713 /* Build configuration list for PBXProject "nwHacks_01" */ = {
			isa = XCConfigurationList;
			buildConfigurations = (
				52F8BEE3200AE6AB008D7713 /* Debug */,
				52F8BEE4200AE6AB008D7713 /* Release */,
			);
			defaultConfigurationIsVisible = 0;
			defaultConfigurationName = Release;
		};
		52F8BEE5200AE6AB008D7713 /* Build configuration list for PBXNativeTarget "nwHacks_01" */ = {
			isa = XCConfigurationList;
			buildConfigurations = (
				52F8BEE6200AE6AB008D7713 /* Debug */,
				52F8BEE7200AE6AB008D7713 /* Release */,
			);
			defaultConfigurationIsVisible = 0;
			defaultConfigurationName = Release;
		};
/* End XCConfigurationList section */

/* Begin XCVersionGroup section */
		52F8BEDA200AE6AB008D7713 /* nwHacks_01.xcdatamodeld */ = {
			isa = XCVersionGroup;
			children = (
				52F8BEDB200AE6AB008D7713 /* nwHacks_01.xcdatamodel */,
			);
			currentVersion = 52F8BEDB200AE6AB008D7713 /* nwHacks_01.xcdatamodel */;
			path = nwHacks_01.xcdatamodeld;
			sourceTree = "<group>";
			versionGroupType = wrapper.xcdatamodel;
		};
/* End XCVersionGroup section */
	};
	rootObject = 52F8BEC8200AE6AB008D7713 /* Project object */;
}
